
Microsoft Visual Studio Solution File, Format Version 12.00
# Visual Studio Version 16
VisualStudioVersion = 16.0.28922.388
MinimumVisualStudioVersion = 10.0.40219.1
Project("{FAE04EC0-301F-11D3-BF4B-00C04F79EFBC}") = "Kata", "Kata\Kata.csproj", "{EE867B9F-44B4-4C42-A405-F11305E5DE0E}"
EndProject
Project("{FAE04EC0-301F-11D3-BF4B-00C04F79EFBC}") = "KataUnitTest", "KataUnitTest\KataUnitTest.csproj", "{03C503EE-FCCE-4789-9CAD-EF2E3C8FC9CB}"
EndProject
Global
	GlobalSection(SolutionConfigurationPlatforms) = preSolution
		Debug|Any CPU = Debug|Any CPU
		Release|Any CPU = Release|Any CPU
	EndGlobalSection
	GlobalSection(ProjectConfigurationPlatforms) = postSolution
		{EE867B9F-44B4-4C42-A405-F11305E5DE0E}.Debug|Any CPU.ActiveCfg = Debug|Any CPU
		{EE867B9F-44B4-4C42-A405-F11305E5DE0E}.Debug|Any CPU.Build.0 = Debug|Any CPU
		{EE867B9F-44B4-4C42-A405-F11305E5DE0E}.Release|Any CPU.ActiveCfg = Release|Any CPU
		{EE867B9F-44B4-4C42-A405-F11305E5DE0E}.Release|Any CPU.Build.0 = Release|Any CPU
		{03C503EE-FCCE-4789-9CAD-EF2E3C8FC9CB}.Debug|Any CPU.ActiveCfg = Debug|Any CPU
		{03C503EE-FCCE-4789-9CAD-EF2E3C8FC9CB}.Debug|Any CPU.Build.0 = Debug|Any CPU
		{03C503EE-FCCE-4789-9CAD-EF2E3C8FC9CB}.Release|Any CPU.ActiveCfg = Release|Any CPU
		{03C503EE-FCCE-4789-9CAD-EF2E3C8FC9CB}.Release|Any CPU.Build.0 = Release|Any CPU
	EndGlobalSection
	GlobalSection(SolutionProperties) = preSolution
		HideSolutionNode = FALSE
	EndGlobalSection
	GlobalSection(ExtensibilityGlobals) = postSolution
		SolutionGuid = {36E22330-692A-4B83-BE97-E0AE83EAF8A5}
	EndGlobalSection
EndGlobal
